<?xml version="1.0" encoding="utf-8"?>
<Project ToolsVersion="4.0" xmlns="http://schemas.microsoft.com/developer/msbuild/2003">
  <ItemGroup>
    <ClCompile Include="10026.cpp" />
    <ClCompile Include="10093.cpp" />
    <ClCompile Include="1012.cpp" />
    <ClCompile Include="1021.cpp" />
    <ClCompile Include="1074.cpp" />
    <ClCompile Include="10773.cpp" />
    <ClCompile Include="10799.cpp" />
    <ClCompile Include="10828_1.cpp" />
    <ClCompile Include="10828_2.cpp" />
    <ClCompile Include="10845.cpp" />
    <ClCompile Include="10866_1.cpp" />
    <ClCompile Include="10866_2.cpp" />
    <ClCompile Include="11003.cpp" />
    <ClCompile Include="11559.cpp" />
    <ClCompile Include="1158.cpp" />
    <ClCompile Include="1159.cpp" />
    <ClCompile Include="11655.cpp" />
    <ClCompile Include="11729.cpp" />
    <ClCompile Include="1182.cpp" />
    <ClCompile Include="12100.cpp" />
    <ClCompile Include="1267.cpp" />
    <ClCompile Include="1406.cpp" />
    <ClCompile Include="1475.cpp" />
    <ClCompile Include="1475_2.cpp" />
    <ClCompile Include="14891.cpp" />
    <ClCompile Include="15649.cpp" />
    <ClCompile Include="15650.cpp" />
    <ClCompile Include="15651.cpp" />
    <ClCompile Include="15652.cpp" />
    <ClCompile Include="15654.cpp" />
    <ClCompile Include="15655.cpp" />
    <ClCompile Include="15656.cpp" />
    <ClCompile Include="15657.cpp" />
    <ClCompile Include="15663.cpp" />
    <ClCompile Include="15664.cpp" />
    <ClCompile Include="15665.cpp" />
    <ClCompile Include="15666.cpp" />
    <ClCompile Include="15683.cpp" />
    <ClCompile Include="15686.cpp" />
    <ClCompile Include="1629.cpp" />
    <ClCompile Include="17478.cpp" />
    <ClCompile Include="1780.cpp" />
    <ClCompile Include="18808.cpp" />
    <ClCompile Include="1992.cpp" />
    <ClCompile Include="2083.cpp" />
    <ClCompile Include="2468.cpp" />
    <ClCompile Include="2583.cpp" />
    <ClCompile Include="2667.cpp" />
    <ClCompile Include="5014.cpp" />
    <ClCompile Include="6593.cpp" />
    <ClCompile Include="6603.cpp" />
    <ClCompile Include="9663.cpp" />
    <ClCompile Include="★2447.cpp" />
    <ClCompile Include="★2448.cpp" />
    <ClCompile Include="2630.cpp" />
    <ClCompile Include="CH3_2_3.cpp" />
    <ClCompile Include="CH3_2_4.cpp" />
    <ClCompile Include="CH3_3_1.cpp" />
    <ClCompile Include="CH3_3_2.cpp" />
    <ClCompile Include="CH3_3_3.cpp" />
    <ClCompile Include="CH3_3_4.cpp" />
    <ClCompile Include="CH3_3_5.cpp" />
    <ClCompile Include="CH3_3_6.cpp" />
    <ClCompile Include="CH3_4.cpp" />
    <ClCompile Include="EX10_1.cpp" />
    <ClCompile Include="1697.cpp" />
    <ClCompile Include="17298.cpp" />
    <ClCompile Include="18258.cpp" />
    <ClCompile Include="1874.cpp" />
    <ClCompile Include="1926.cpp" />
    <ClCompile Include="2164.cpp" />
    <ClCompile Include="2178.cpp" />
    <ClCompile Include="2440.cpp" />
    <ClCompile Include="2441.cpp" />
    <ClCompile Include="2443.cpp" />
    <ClCompile Include="2490.cpp" />
    <ClCompile Include="2490_2.cpp" />
    <ClCompile Include="2493.cpp" />
    <ClCompile Include="2504.cpp" />
    <ClCompile Include="2576.cpp" />
    <ClCompile Include="2576_2.cpp" />
    <ClCompile Include="2752.cpp" />
    <ClCompile Include="3015.cpp" />
    <ClCompile Include="3273.cpp" />
    <ClCompile Include="3986.cpp" />
    <ClCompile Include="4179.cpp" />
    <ClCompile Include="4949.cpp" />
    <ClCompile Include="5397.cpp" />
    <ClCompile Include="5427.cpp" />
    <ClCompile Include="5430.cpp" />
    <ClCompile Include="6198.cpp" />
    <ClCompile Include="6549.cpp" />
    <ClCompile Include="7562.cpp" />
    <ClCompile Include="7569.cpp" />
    <ClCompile Include="7576.cpp" />
    <ClCompile Include="9012.cpp" />
    <ClCompile Include="array_test.cpp" />
    <ClCompile Include="CH3_1.cpp" />
    <ClCompile Include="CH3_2_1.cpp" />
    <ClCompile Include="CH3_2_2.cpp" />
    <ClCompile Include="EX10_2.cpp" />
    <ClCompile Include="EX1_1.cpp" />
    <ClCompile Include="EX1_2.cpp" />
    <ClCompile Include="EX1_3.cpp" />
    <ClCompile Include="EX1_4.cpp" />
    <ClCompile Include="EX2_1.cpp" />
    <ClCompile Include="EX4_1.cpp" />
    <ClCompile Include="EX5_1.cpp" />
    <ClCompile Include="EX6_1.cpp" />
    <ClCompile Include="EX_9.cpp" />
    <ClCompile Include="RE%299095.cpp" />
    <ClCompile Include="Hash_01.cpp" />
    <ClCompile Include="11728.cpp">
      <Filter>00.Study\14. 정렬1\연습문제</Filter>
    </ClCompile>
    <ClCompile Include="merge_sort_test.cpp">
      <Filter>00.Study\14. 정렬1\연습문제</Filter>
    </ClCompile>
    <ClCompile Include="2750.cpp">
      <Filter>00.Study\14. 정렬1\기본문제</Filter>
    </ClCompile>
    <ClCompile Include="2751.cpp">
      <Filter>00.Study\14. 정렬1\기본문제</Filter>
    </ClCompile>
    <ClCompile Include="10989.cpp">
      <Filter>00.Study\14. 정렬1\기본문제</Filter>
    </ClCompile>
    <ClCompile Include="11931.cpp">
      <Filter>00.Study\14. 정렬1\기본문제</Filter>
    </ClCompile>
    <ClCompile Include="15688.cpp">
      <Filter>00.Study\14. 정렬1\기본문제</Filter>
    </ClCompile>
    <ClCompile Include="10814.cpp">
      <Filter>00.Study\14. 정렬1\기본문제</Filter>
    </ClCompile>
    <ClCompile Include="11650.cpp">
      <Filter>00.Study\14. 정렬1\기본문제</Filter>
    </ClCompile>
    <ClCompile Include="11651.cpp">
      <Filter>00.Study\14. 정렬1\기본문제</Filter>
    </ClCompile>
    <ClCompile Include="1431.cpp">
      <Filter>00.Study\15. 정렬2</Filter>
    </ClCompile>
    <ClCompile Include="15688_2.cpp">
      <Filter>00.Study\15. 정렬2\예제</Filter>
    </ClCompile>
    <ClCompile Include="11652.cpp">
      <Filter>00.Study\15. 정렬2</Filter>
    </ClCompile>
    <ClCompile Include="5648.cpp">
      <Filter>00.Study\15. 정렬2</Filter>
    </ClCompile>
    <ClCompile Include="1181.cpp">
      <Filter>00.Study\15. 정렬2</Filter>
    </ClCompile>
    <ClCompile Include="2910.cpp">
      <Filter>00.Study\15. 정렬2</Filter>
    </ClCompile>
    <ClCompile Include="11656.cpp">
      <Filter>00.Study\15. 정렬2</Filter>
    </ClCompile>
    <ClCompile Include="10825.cpp">
      <Filter>00.Study\15. 정렬2</Filter>
    </ClCompile>
    <ClCompile Include="7795.cpp">
      <Filter>00.Study\15. 정렬2</Filter>
    </ClCompile>
    <ClCompile Include="1463.cpp">
      <Filter>00.Study\16. 다이나믹프로그래밍\연습문제</Filter>
    </ClCompile>
    <ClCompile Include="9095.cpp">
      <Filter>00.Study\16. 다이나믹프로그래밍\연습문제</Filter>
    </ClCompile>
    <ClCompile Include="2579.cpp">
      <Filter>00.Study\16. 다이나믹프로그래밍\연습문제</Filter>
    </ClCompile>
    <ClCompile Include="1149.cpp">
      <Filter>00.Study\16. 다이나믹프로그래밍\연습문제</Filter>
    </ClCompile>
    <ClCompile Include="11726.cpp">
      <Filter>00.Study\16. 다이나믹프로그래밍\연습문제</Filter>
    </ClCompile>
    <ClCompile Include="11659.cpp">
      <Filter>00.Study\16. 다이나믹프로그래밍\연습문제</Filter>
    </ClCompile>
    <ClCompile Include="12852.cpp">
      <Filter>00.Study\16. 다이나믹프로그래밍\연습문제</Filter>
    </ClCompile>
    <ClCompile Include="1003.cpp">
      <Filter>00.Study\16. 다이나믹프로그래밍\연습문제</Filter>
    </ClCompile>
    <ClCompile Include="1932.cpp">
      <Filter>00.Study\16. 다이나믹프로그래밍\연습문제</Filter>
    </ClCompile>
    <ClCompile Include="11727.cpp">
      <Filter>00.Study\16. 다이나믹프로그래밍\연습문제</Filter>
    </ClCompile>
    <ClCompile Include="11047.cpp">
      <Filter>00.Study\17. 그리디</Filter>
    </ClCompile>
    <ClCompile Include="1931.cpp">
      <Filter>00.Study\17. 그리디</Filter>
    </ClCompile>
    <ClCompile Include="2217.cpp">
      <Filter>00.Study\17. 그리디</Filter>
    </ClCompile>
    <ClCompile Include="10871.cpp">
      <Filter>00.Study\2. 기초코드작성요령2</Filter>
    </ClCompile>
    <ClCompile Include="10871_2.cpp">
      <Filter>00.Study\2. 기초코드작성요령2</Filter>
    </ClCompile>
    <ClCompile Include="1000.cpp">
      <Filter>00.Study\2. 기초코드작성요령2</Filter>
    </ClCompile>
    <ClCompile Include="2557.cpp">
      <Filter>00.Study\2. 기초코드작성요령2</Filter>
    </ClCompile>
    <ClCompile Include="10171.cpp">
      <Filter>00.Study\2. 기초코드작성요령2</Filter>
    </ClCompile>
    <ClCompile Include="10869.cpp">
      <Filter>00.Study\2. 기초코드작성요령2</Filter>
    </ClCompile>
    <ClCompile Include="9498.cpp">
      <Filter>00.Study\2. 기초코드작성요령2</Filter>
    </ClCompile>
  </ItemGroup>
  <ItemGroup>
    <Filter Include="00.Study">
      <UniqueIdentifier>{e6376ca3-04cd-4855-b0c0-7bfe248a0845}</UniqueIdentifier>
    </Filter>
    <Filter Include="00.Study\14. 정렬1">
      <UniqueIdentifier>{c652d283-515a-40db-a5bd-d059b8a31ff7}</UniqueIdentifier>
    </Filter>
    <Filter Include="00.Study\14. 정렬1\연습문제">
      <UniqueIdentifier>{60718c25-b063-466c-943d-9736627339b9}</UniqueIdentifier>
    </Filter>
    <Filter Include="00.Study\14. 정렬1\기본문제">
      <UniqueIdentifier>{5b9e9273-af76-4a34-b5e5-a9b3bf90228e}</UniqueIdentifier>
    </Filter>
    <Filter Include="00.Study\15. 정렬2">
      <UniqueIdentifier>{50e475d8-18f2-46c2-872b-82de194f62bd}</UniqueIdentifier>
    </Filter>
    <Filter Include="00.Study\15. 정렬2\예제">
      <UniqueIdentifier>{2d55a620-3755-4c13-bb8c-66a213fded6a}</UniqueIdentifier>
    </Filter>
    <Filter Include="00.Study\16. 다이나믹프로그래밍">
      <UniqueIdentifier>{52e2ce30-b13d-4ce4-abf9-32dbf6fea78e}</UniqueIdentifier>
    </Filter>
    <Filter Include="00.Study\16. 다이나믹프로그래밍\연습문제">
      <UniqueIdentifier>{c95a5e5a-28e4-42e7-a0dc-21c312673826}</UniqueIdentifier>
    </Filter>
    <Filter Include="00.Study\17. 그리디">
      <UniqueIdentifier>{3277fba1-bb71-497a-91a5-d36aa20b2d8c}</UniqueIdentifier>
    </Filter>
    <Filter Include="00.Study\2. 기초코드작성요령2">
      <UniqueIdentifier>{c15bc8f6-d73d-42b6-903b-b402ec67a4fb}</UniqueIdentifier>
    </Filter>
  </ItemGroup>
</Project>