<?xml version="1.0" encoding="utf-8"?>
<Project ToolsVersion="4.0" xmlns="http://schemas.microsoft.com/developer/msbuild/2003">
  <ItemGroup>
    <Filter Include="소스 파일">
      <UniqueIdentifier>{4FC737F1-C7A5-4376-A066-2A32D752A2FF}</UniqueIdentifier>
      <Extensions>cpp;c;cc;cxx;c++;cppm;ixx;def;odl;idl;hpj;bat;asm;asmx</Extensions>
    </Filter>
    <Filter Include="헤더 파일">
      <UniqueIdentifier>{93995380-89BD-4b04-88EB-625FBE52EBFB}</UniqueIdentifier>
      <Extensions>h;hh;hpp;hxx;h++;hm;inl;inc;ipp;xsd</Extensions>
    </Filter>
    <Filter Include="리소스 파일">
      <UniqueIdentifier>{67DA6AB6-F800-4c08-8B7A-83BB121AAD01}</UniqueIdentifier>
      <Extensions>rc;ico;cur;bmp;dlg;rc2;rct;bin;rgs;gif;jpg;jpeg;jpe;resx;tiff;tif;png;wav;mfcribbon-ms</Extensions>
    </Filter>
    <Filter Include="00.Study">
      <UniqueIdentifier>{c46b0510-4ece-45fa-b19f-5833119b1d60}</UniqueIdentifier>
    </Filter>
    <Filter Include="00.Study\BKD">
      <UniqueIdentifier>{61665197-7424-42ce-afd1-282185b0d432}</UniqueIdentifier>
    </Filter>
    <Filter Include="00.Study\BKD\BKD_02_기초코드작성요령2">
      <UniqueIdentifier>{06567be2-dc33-4ebe-bb7b-f08913f61b8b}</UniqueIdentifier>
    </Filter>
    <Filter Include="01.PS">
      <UniqueIdentifier>{5fb986ee-1ded-4099-8e4e-289e43b5ccfe}</UniqueIdentifier>
    </Filter>
    <Filter Include="01.PS\01.BOJ">
      <UniqueIdentifier>{c6c82f11-e555-4eb9-8ab8-bfe8701c002b}</UniqueIdentifier>
    </Filter>
    <Filter Include="01.PS\01.BOJ\RPT">
      <UniqueIdentifier>{7a1310da-e6bb-4c6a-a7d9-ff8795f90bd1}</UniqueIdentifier>
    </Filter>
    <Filter Include="01.PS\01.BOJ\PT">
      <UniqueIdentifier>{8f6bc9ab-9608-4bcb-b887-7cb47bd60c44}</UniqueIdentifier>
    </Filter>
    <Filter Include="01.PS\02.Programmers">
      <UniqueIdentifier>{a7184b07-ec61-4013-b2da-c02832ac96f5}</UniqueIdentifier>
    </Filter>
    <Filter Include="01.PS\02.Programmers\고득점Kit">
      <UniqueIdentifier>{096febaf-25f5-4d70-967b-74fe60475a9e}</UniqueIdentifier>
    </Filter>
    <Filter Include="01.PS\02.Programmers\고득점Kit\해시">
      <UniqueIdentifier>{16223ea1-4187-45a5-90a4-88a55946e2a5}</UniqueIdentifier>
    </Filter>
    <Filter Include="00.Study\BKD\BKD_02_기초코드작성요령2\문풀">
      <UniqueIdentifier>{9871f9a0-099f-4ca3-baa3-8991485bc1ff}</UniqueIdentifier>
    </Filter>
    <Filter Include="00.Study\BKD\BKD_01_기초코드작성요령1%28완%29">
      <UniqueIdentifier>{145d244e-ab40-4373-9fb5-0cea5d9d00f6}</UniqueIdentifier>
    </Filter>
    <Filter Include="00.Study\BKD\BKD_01_기초코드작성요령1%28완%29\예제">
      <UniqueIdentifier>{6b474cf3-707f-4b82-af10-2955b8c05a6c}</UniqueIdentifier>
    </Filter>
    <Filter Include="00.Study\BKD\BKD_04_연결리스트">
      <UniqueIdentifier>{61ecd190-50cf-4967-a3da-6959d9072c78}</UniqueIdentifier>
    </Filter>
    <Filter Include="00.Study\BKD\BKD_03_배열">
      <UniqueIdentifier>{eed4261d-735e-4f2b-873f-8abb351c376c}</UniqueIdentifier>
    </Filter>
    <Filter Include="00.Study\BKD\BKD_03_배열\예제">
      <UniqueIdentifier>{fbed9cdf-536b-4f1a-8a65-f42d113d5518}</UniqueIdentifier>
    </Filter>
    <Filter Include="00.Study\BKD\BKD_03_배열\문풀">
      <UniqueIdentifier>{f06bd045-0725-4a67-8069-e658e9d8c71f}</UniqueIdentifier>
    </Filter>
    <Filter Include="00.Study\BKD\BKD_04_연결리스트\예제">
      <UniqueIdentifier>{baadc108-cfa8-4708-b4dc-2d850cd351b3}</UniqueIdentifier>
    </Filter>
    <Filter Include="00.Study\BKD\BKD_04_연결리스트\문풀">
      <UniqueIdentifier>{152e2790-176a-42b5-a55c-f87bcd8166df}</UniqueIdentifier>
    </Filter>
    <Filter Include="00.Study\BKD\BKD_05_스택">
      <UniqueIdentifier>{26e2cef9-ab86-4a4e-8f3c-8c5e2b41dcb3}</UniqueIdentifier>
    </Filter>
    <Filter Include="00.Study\BKD\BKD_05_스택\예제">
      <UniqueIdentifier>{1b571f90-dfda-40ba-b4af-b92a3ee94b02}</UniqueIdentifier>
    </Filter>
    <Filter Include="00.Study\BKD\BKD_05_스택\문풀">
      <UniqueIdentifier>{18a4ffe0-86db-446a-b8b5-d815547f3296}</UniqueIdentifier>
    </Filter>
    <Filter Include="00.Study\BKD\BKD_06_큐%28완%29">
      <UniqueIdentifier>{b6c0087d-b38c-47df-92d0-39b8cb675b79}</UniqueIdentifier>
    </Filter>
    <Filter Include="00.Study\BKD\BKD_06_큐%28완%29\문풀">
      <UniqueIdentifier>{f386fc3e-9051-453b-842c-8c61a1892e33}</UniqueIdentifier>
    </Filter>
    <Filter Include="00.Study\BKD\BKD_06_큐%28완%29\예제">
      <UniqueIdentifier>{30f37289-7a9d-4baa-8c18-5109bab0c78f}</UniqueIdentifier>
    </Filter>
    <Filter Include="00.Study\BKD\BKD_07_덱">
      <UniqueIdentifier>{1402a02c-aa04-4aa5-87bf-7ddfd01f79d8}</UniqueIdentifier>
    </Filter>
    <Filter Include="00.Study\BKD\BKD_07_덱\예제">
      <UniqueIdentifier>{03f431c4-c101-447a-aa73-db6100023626}</UniqueIdentifier>
    </Filter>
    <Filter Include="00.Study\BKD\BKD_07_덱\문풀">
      <UniqueIdentifier>{7013e102-e8db-452d-ab72-8dc829715ccb}</UniqueIdentifier>
    </Filter>
  </ItemGroup>
  <ItemGroup>
    <ClCompile Include="Hash_01.cpp">
      <Filter>01.PS\02.Programmers\고득점Kit\해시</Filter>
    </ClCompile>
    <ClCompile Include="RE%299095.cpp">
      <Filter>01.PS\01.BOJ\RPT</Filter>
    </ClCompile>
    <ClCompile Include="EX1_1.cpp">
      <Filter>00.Study\BKD\BKD_01_기초코드작성요령1%28완%29\예제</Filter>
    </ClCompile>
    <ClCompile Include="EX1_2.cpp">
      <Filter>00.Study\BKD\BKD_01_기초코드작성요령1%28완%29\예제</Filter>
    </ClCompile>
    <ClCompile Include="EX1_3.cpp">
      <Filter>00.Study\BKD\BKD_01_기초코드작성요령1%28완%29\예제</Filter>
    </ClCompile>
    <ClCompile Include="EX1_4.cpp">
      <Filter>00.Study\BKD\BKD_01_기초코드작성요령1%28완%29\예제</Filter>
    </ClCompile>
    <ClCompile Include="array_test.cpp">
      <Filter>00.Study\BKD\BKD_03_배열\예제</Filter>
    </ClCompile>
    <ClCompile Include="1267.cpp">
      <Filter>00.Study\BKD\BKD_02_기초코드작성요령2\문풀</Filter>
    </ClCompile>
    <ClCompile Include="2490.cpp">
      <Filter>00.Study\BKD\BKD_02_기초코드작성요령2\문풀</Filter>
    </ClCompile>
    <ClCompile Include="2490_2.cpp">
      <Filter>00.Study\BKD\BKD_02_기초코드작성요령2\문풀</Filter>
    </ClCompile>
    <ClCompile Include="2576.cpp">
      <Filter>00.Study\BKD\BKD_02_기초코드작성요령2\문풀</Filter>
    </ClCompile>
    <ClCompile Include="2576_2.cpp">
      <Filter>00.Study\BKD\BKD_02_기초코드작성요령2\문풀</Filter>
    </ClCompile>
    <ClCompile Include="2752.cpp">
      <Filter>00.Study\BKD\BKD_02_기초코드작성요령2\문풀</Filter>
    </ClCompile>
    <ClCompile Include="10093.cpp">
      <Filter>00.Study\BKD\BKD_02_기초코드작성요령2\문풀</Filter>
    </ClCompile>
    <ClCompile Include="10871.cpp">
      <Filter>00.Study\BKD\BKD_02_기초코드작성요령2\문풀</Filter>
    </ClCompile>
    <ClCompile Include="EX2_1.cpp">
      <Filter>00.Study\BKD\BKD_03_배열\예제</Filter>
    </ClCompile>
    <ClCompile Include="1475.cpp">
      <Filter>00.Study\BKD\BKD_03_배열\문풀</Filter>
    </ClCompile>
    <ClCompile Include="1475_2.cpp">
      <Filter>00.Study\BKD\BKD_03_배열\문풀</Filter>
    </ClCompile>
    <ClCompile Include="3273.cpp">
      <Filter>00.Study\BKD\BKD_03_배열\문풀</Filter>
    </ClCompile>
    <ClCompile Include="EX4_1.cpp">
      <Filter>00.Study\BKD\BKD_04_연결리스트\예제</Filter>
    </ClCompile>
    <ClCompile Include="1406.cpp">
      <Filter>00.Study\BKD\BKD_04_연결리스트\문풀</Filter>
    </ClCompile>
    <ClCompile Include="5397.cpp">
      <Filter>00.Study\BKD\BKD_04_연결리스트\문풀</Filter>
    </ClCompile>
    <ClCompile Include="1158.cpp">
      <Filter>00.Study\BKD\BKD_04_연결리스트\문풀</Filter>
    </ClCompile>
    <ClCompile Include="EX5_1.cpp">
      <Filter>00.Study\BKD\BKD_05_스택\예제</Filter>
    </ClCompile>
    <ClCompile Include="2440.cpp">
      <Filter>00.Study\BKD\BKD_02_기초코드작성요령2\문풀</Filter>
    </ClCompile>
    <ClCompile Include="10828_1.cpp">
      <Filter>00.Study\BKD\BKD_05_스택\문풀</Filter>
    </ClCompile>
    <ClCompile Include="10828_2.cpp">
      <Filter>00.Study\BKD\BKD_05_스택\문풀</Filter>
    </ClCompile>
    <ClCompile Include="2493.cpp">
      <Filter>00.Study\BKD\BKD_05_스택\문풀</Filter>
    </ClCompile>
    <ClCompile Include="6198.cpp">
      <Filter>00.Study\BKD\BKD_05_스택\문풀</Filter>
    </ClCompile>
    <ClCompile Include="EX6_1.cpp">
      <Filter>00.Study\BKD\BKD_06_큐%28완%29\예제</Filter>
    </ClCompile>
    <ClCompile Include="10845.cpp">
      <Filter>00.Study\BKD\BKD_06_큐%28완%29\문풀</Filter>
    </ClCompile>
    <ClCompile Include="1159.cpp">
      <Filter>01.PS\01.BOJ\PT</Filter>
    </ClCompile>
    <ClCompile Include="18258.cpp">
      <Filter>00.Study\BKD\BKD_06_큐%28완%29\문풀</Filter>
    </ClCompile>
    <ClCompile Include="2164.cpp">
      <Filter>00.Study\BKD\BKD_06_큐%28완%29\문풀</Filter>
    </ClCompile>
    <ClCompile Include="10866_1.cpp">
      <Filter>00.Study\BKD\BKD_07_덱\예제</Filter>
    </ClCompile>
    <ClCompile Include="10866_2.cpp">
      <Filter>00.Study\BKD\BKD_07_덱\예제</Filter>
    </ClCompile>
    <ClCompile Include="1021.cpp">
      <Filter>00.Study\BKD\BKD_07_덱\문풀</Filter>
    </ClCompile>
  </ItemGroup>
</Project>