<?xml version="1.0" encoding="utf-8"?>
<Project ToolsVersion="4.0" xmlns="http://schemas.microsoft.com/developer/msbuild/2003">
  <ItemGroup>
    <Filter Include="소스 파일">
      <UniqueIdentifier>{4FC737F1-C7A5-4376-A066-2A32D752A2FF}</UniqueIdentifier>
      <Extensions>cpp;c;cc;cxx;c++;cppm;ixx;def;odl;idl;hpj;bat;asm;asmx</Extensions>
    </Filter>
    <Filter Include="헤더 파일">
      <UniqueIdentifier>{93995380-89BD-4b04-88EB-625FBE52EBFB}</UniqueIdentifier>
      <Extensions>h;hh;hpp;hxx;h++;hm;inl;inc;ipp;xsd</Extensions>
    </Filter>
    <Filter Include="리소스 파일">
      <UniqueIdentifier>{67DA6AB6-F800-4c08-8B7A-83BB121AAD01}</UniqueIdentifier>
      <Extensions>rc;ico;cur;bmp;dlg;rc2;rct;bin;rgs;gif;jpg;jpeg;jpe;resx;tiff;tif;png;wav;mfcribbon-ms</Extensions>
    </Filter>
    <Filter Include="Programmers">
      <UniqueIdentifier>{a7184b07-ec61-4013-b2da-c02832ac96f5}</UniqueIdentifier>
    </Filter>
    <Filter Include="Programmers\고득점Kit">
      <UniqueIdentifier>{096febaf-25f5-4d70-967b-74fe60475a9e}</UniqueIdentifier>
    </Filter>
    <Filter Include="Programmers\고득점Kit\해시">
      <UniqueIdentifier>{16223ea1-4187-45a5-90a4-88a55946e2a5}</UniqueIdentifier>
    </Filter>
    <Filter Include="BOJ">
      <UniqueIdentifier>{c6c82f11-e555-4eb9-8ab8-bfe8701c002b}</UniqueIdentifier>
    </Filter>
  </ItemGroup>
  <ItemGroup>
    <ClCompile Include="Hash_01.cpp">
      <Filter>Programmers\고득점Kit\해시</Filter>
    </ClCompile>
    <ClCompile Include="9095.cpp">
      <Filter>BOJ</Filter>
    </ClCompile>
  </ItemGroup>
</Project>